Microsoft Visual Studio Solution File, Format Version 12.00
# Visual Studio Version 17
VisualStudioVersion = 17.5.2.0
MinimumVisualStudioVersion = 10.0.40219.1
Project("{FAE04EC0-301F-11D3-BF4B-00C04F79EFBC}") = "api-piloto", "api-piloto.csproj", "{B01A3991-5A4B-DAD8-1095-882C4FD09C5C}"
EndProject
Global
	GlobalSection(SolutionConfigurationPlatforms) = preSolution
		Debug|Any CPU = Debug|Any CPU
		Release|Any CPU = Release|Any CPU
	EndGlobalSection
	GlobalSection(ProjectConfigurationPlatforms) = postSolution
		{B01A3991-5A4B-DAD8-1095-882C4FD09C5C}.Debug|Any CPU.ActiveCfg = Debug|Any CPU
		{B01A3991-5A4B-DAD8-1095-882C4FD09C5C}.Debug|Any CPU.Build.0 = Debug|Any CPU
		{B01A3991-5A4B-DAD8-1095-882C4FD09C5C}.Release|Any CPU.ActiveCfg = Release|Any CPU
		{B01A3991-5A4B-DAD8-1095-882C4FD09C5C}.Release|Any CPU.Build.0 = Release|Any CPU
	EndGlobalSection
	GlobalSection(SolutionProperties) = preSolution
		HideSolutionNode = FALSE
	EndGlobalSection
	GlobalSection(ExtensibilityGlobals) = postSolution
		SolutionGuid = {5A062CE7-27EE-4B04-A3C0-0A65263D96CA}
	EndGlobalSection
EndGlobal
